
Microsoft Visual Studio Solution File, Format Version 12.00
# Visual Studio 15
Project("{FAE04EC0-301F-11D3-BF4B-00C04F79EFBC}") = "Shotgrabber", "Shotgrabber\Shotgrabber.csproj", "{523113C7-C5CC-4EAD-A890-750CE7FDEE46}"
EndProject
Project("{FAE04EC0-301F-11D3-BF4B-00C04F79EFBC}") = "Shotgrabber.Tests", "Shotgrabber.Tests\Shotgrabber.Tests.csproj", "{AEA1077D-75C3-4C43-B0D0-0A4635FDFA2A}"
EndProject
Global
	GlobalSection(SolutionConfigurationPlatforms) = preSolution
		Debug|Any CPU = Debug|Any CPU
		Release|Any CPU = Release|Any CPU
	EndGlobalSection
	GlobalSection(ProjectConfigurationPlatforms) = postSolution
		{523113C7-C5CC-4EAD-A890-750CE7FDEE46}.Debug|Any CPU.ActiveCfg = Debug|Any CPU
		{523113C7-C5CC-4EAD-A890-750CE7FDEE46}.Debug|Any CPU.Build.0 = Debug|Any CPU
		{523113C7-C5CC-4EAD-A890-750CE7FDEE46}.Release|Any CPU.ActiveCfg = Release|Any CPU
		{523113C7-C5CC-4EAD-A890-750CE7FDEE46}.Release|Any CPU.Build.0 = Release|Any CPU
		{AEA1077D-75C3-4C43-B0D0-0A4635FDFA2A}.Debug|Any CPU.ActiveCfg = Debug|Any CPU
		{AEA1077D-75C3-4C43-B0D0-0A4635FDFA2A}.Debug|Any CPU.Build.0 = Debug|Any CPU
		{AEA1077D-75C3-4C43-B0D0-0A4635FDFA2A}.Release|Any CPU.ActiveCfg = Release|Any CPU
		{AEA1077D-75C3-4C43-B0D0-0A4635FDFA2A}.Release|Any CPU.Build.0 = Release|Any CPU
	EndGlobalSection
	GlobalSection(MonoDevelopProperties) = preSolution
		Policies = $0
		$0.DotNetNamingPolicy = $1
		$1.DirectoryNamespaceAssociation = PrefixedHierarchical
		$0.TextStylePolicy = $2
		$2.inheritsSet = null
		$2.scope = text/x-csharp
		$0.CSharpFormattingPolicy = $3
		$3.scope = text/x-csharp
		$0.StandardHeader = $4
		$0.VersionControlPolicy = $5
	EndGlobalSection
EndGlobal
